
Microsoft Visual Studio Solution File, Format Version 12.00
# Visual Studio Version 17
VisualStudioVersion = 17.11.35222.181
MinimumVisualStudioVersion = 10.0.40219.1
Project("{FAE04EC0-301F-11D3-BF4B-00C04F79EFBC}") = "UsuariosDistintos", "UsuariosDistintos.csproj", "{A74E280F-595F-4127-801D-B67365123C74}"
EndProject
Global
	GlobalSection(SolutionConfigurationPlatforms) = preSolution
		Debug|Any CPU = Debug|Any CPU
		Release|Any CPU = Release|Any CPU
	EndGlobalSection
	GlobalSection(ProjectConfigurationPlatforms) = postSolution
		{A74E280F-595F-4127-801D-B67365123C74}.Debug|Any CPU.ActiveCfg = Debug|Any CPU
		{A74E280F-595F-4127-801D-B67365123C74}.Debug|Any CPU.Build.0 = Debug|Any CPU
		{A74E280F-595F-4127-801D-B67365123C74}.Release|Any CPU.ActiveCfg = Release|Any CPU
		{A74E280F-595F-4127-801D-B67365123C74}.Release|Any CPU.Build.0 = Release|Any CPU
	EndGlobalSection
	GlobalSection(SolutionProperties) = preSolution
		HideSolutionNode = FALSE
	EndGlobalSection
	GlobalSection(ExtensibilityGlobals) = postSolution
		SolutionGuid = {EF5F0D1F-BA0E-4726-A892-E415641CDD84}
	EndGlobalSection
EndGlobal
